
Microsoft Visual Studio Solution File, Format Version 12.00
# Visual Studio Version 16
VisualStudioVersion = 16.0.30225.117
MinimumVisualStudioVersion = 10.0.40219.1
Project("{FAE04EC0-301F-11D3-BF4B-00C04F79EFBC}") = "WorkFundamentals", "WorkFundamentals\WorkFundamentals.csproj", "{78561C87-6EB8-4008-AC9A-92891CF8F304}"
EndProject
Global
	GlobalSection(SolutionConfigurationPlatforms) = preSolution
		Debug|Any CPU = Debug|Any CPU
		Release|Any CPU = Release|Any CPU
	EndGlobalSection
	GlobalSection(ProjectConfigurationPlatforms) = postSolution
		{78561C87-6EB8-4008-AC9A-92891CF8F304}.Debug|Any CPU.ActiveCfg = Debug|Any CPU
		{78561C87-6EB8-4008-AC9A-92891CF8F304}.Debug|Any CPU.Build.0 = Debug|Any CPU
		{78561C87-6EB8-4008-AC9A-92891CF8F304}.Release|Any CPU.ActiveCfg = Release|Any CPU
		{78561C87-6EB8-4008-AC9A-92891CF8F304}.Release|Any CPU.Build.0 = Release|Any CPU
	EndGlobalSection
	GlobalSection(SolutionProperties) = preSolution
		HideSolutionNode = FALSE
	EndGlobalSection
	GlobalSection(ExtensibilityGlobals) = postSolution
		SolutionGuid = {14FE454D-876D-46A8-9E63-72F9F3FAF47C}
	EndGlobalSection
EndGlobal
